// !$*UTF8*$!
{
	archiveVersion = 1;
	classes = {
	};
	objectVersion = 46;
	objects = {

/* Begin PBXBuildFile section */
		F5A6AAB719A20A5900C9A3F9 /* Foundation.framework in Frameworks */ = {isa = PBXBuildFile; fileRef = F5A6AAB619A20A5900C9A3F9 /* Foundation.framework */; };
		F5A6AAB919A20A5900C9A3F9 /* CoreGraphics.framework in Frameworks */ = {isa = PBXBuildFile; fileRef = F5A6AAB819A20A5900C9A3F9 /* CoreGraphics.framework */; };
		F5A6AABB19A20A5900C9A3F9 /* UIKit.framework in Frameworks */ = {isa = PBXBuildFile; fileRef = F5A6AABA19A20A5900C9A3F9 /* UIKit.framework */; };
		F5A6AAC119A20A5900C9A3F9 /* InfoPlist.strings in Resources */ = {isa = PBXBuildFile; fileRef = F5A6AABF19A20A5900C9A3F9 /* InfoPlist.strings */; };
		F5A6AAC319A20A5900C9A3F9 /* main.m in Sources */ = {isa = PBXBuildFile; fileRef = F5A6AAC219A20A5900C9A3F9 /* main.m */; };
		F5A6AAC719A20A5900C9A3F9 /* PHAppDelegate.m in Sources */ = {isa = PBXBuildFile; fileRef = F5A6AAC619A20A5900C9A3F9 /* PHAppDelegate.m */; };
		F5A6AACD19A20A5900C9A3F9 /* ViewController.m in Sources */ = {isa = PBXBuildFile; fileRef = F5A6AACC19A20A5900C9A3F9 /* ViewController.m */; };
		F5A6AACF19A20A5900C9A3F9 /* Images.xcassets in Resources */ = {isa = PBXBuildFile; fileRef = F5A6AACE19A20A5900C9A3F9 /* Images.xcassets */; };
		F5A6C47B19A5E775001BFCFE /* photomap.xcdatamodeld in Sources */ = {isa = PBXBuildFile; fileRef = F5A6C47919A5E775001BFCFE /* photomap.xcdatamodeld */; };
		F5A6C47E19A5EB11001BFCFE /* Photo.m in Sources */ = {isa = PBXBuildFile; fileRef = F5A6C47D19A5EB11001BFCFE /* Photo.m */; };
		F5A6C48319A5EE5F001BFCFE /* PHDataManager.m in Sources */ = {isa = PBXBuildFile; fileRef = F5A6C48219A5EE5F001BFCFE /* PHDataManager.m */; };
		F5A6C48519A5EF97001BFCFE /* CoreData.framework in Frameworks */ = {isa = PBXBuildFile; fileRef = F5A6C48419A5EF97001BFCFE /* CoreData.framework */; };
/* End PBXBuildFile section */

/* Begin PBXFileReference section */
		F5A6AAB319A20A5900C9A3F9 /* PhotoMap.app */ = {isa = PBXFileReference; explicitFileType = wrapper.application; includeInIndex = 0; path = PhotoMap.app; sourceTree = BUILT_PRODUCTS_DIR; };
		F5A6AAB619A20A5900C9A3F9 /* Foundation.framework */ = {isa = PBXFileReference; lastKnownFileType = wrapper.framework; name = Foundation.framework; path = System/Library/Frameworks/Foundation.framework; sourceTree = SDKROOT; };
		F5A6AAB819A20A5900C9A3F9 /* CoreGraphics.framework */ = {isa = PBXFileReference; lastKnownFileType = wrapper.framework; name = CoreGraphics.framework; path = System/Library/Frameworks/CoreGraphics.framework; sourceTree = SDKROOT; };
		F5A6AABA19A20A5900C9A3F9 /* UIKit.framework */ = {isa = PBXFileReference; lastKnownFileType = wrapper.framework; name = UIKit.framework; path = System/Library/Frameworks/UIKit.framework; sourceTree = SDKROOT; };
		F5A6AABE19A20A5900C9A3F9 /* PhotoMap-Info.plist */ = {isa = PBXFileReference; lastKnownFileType = text.plist.xml; path = "PhotoMap-Info.plist"; sourceTree = "<group>"; };
		F5A6AAC019A20A5900C9A3F9 /* en */ = {isa = PBXFileReference; lastKnownFileType = text.plist.strings; name = en; path = en.lproj/InfoPlist.strings; sourceTree = "<group>"; };
		F5A6AAC219A20A5900C9A3F9 /* main.m */ = {isa = PBXFileReference; lastKnownFileType = sourcecode.c.objc; path = main.m; sourceTree = "<group>"; };
		F5A6AAC419A20A5900C9A3F9 /* PhotoMap-Prefix.pch */ = {isa = PBXFileReference; lastKnownFileType = sourcecode.c.h; path = "PhotoMap-Prefix.pch"; sourceTree = "<group>"; };
		F5A6AAC519A20A5900C9A3F9 /* PHAppDelegate.h */ = {isa = PBXFileReference; lastKnownFileType = sourcecode.c.h; path = PHAppDelegate.h; sourceTree = "<group>"; };
		F5A6AAC619A20A5900C9A3F9 /* PHAppDelegate.m */ = {isa = PBXFileReference; lastKnownFileType = sourcecode.c.objc; path = PHAppDelegate.m; sourceTree = "<group>"; };
		F5A6AACB19A20A5900C9A3F9 /* ViewController.h */ = {isa = PBXFileReference; lastKnownFileType = sourcecode.c.h; path = ViewController.h; sourceTree = "<group>"; };
		F5A6AACC19A20A5900C9A3F9 /* ViewController.m */ = {isa = PBXFileReference; lastKnownFileType = sourcecode.c.objc; path = ViewController.m; sourceTree = "<group>"; };
		F5A6AACE19A20A5900C9A3F9 /* Images.xcassets */ = {isa = PBXFileReference; lastKnownFileType = folder.assetcatalog; path = Images.xcassets; sourceTree = "<group>"; };
		F5A6AAD519A20A5900C9A3F9 /* XCTest.framework */ = {isa = PBXFileReference; lastKnownFileType = wrapper.framework; name = XCTest.framework; path = Library/Frameworks/XCTest.framework; sourceTree = DEVELOPER_DIR; };
		F5A6C47A19A5E775001BFCFE /* photomap.xcdatamodel */ = {isa = PBXFileReference; lastKnownFileType = wrapper.xcdatamodel; path = photomap.xcdatamodel; sourceTree = "<group>"; };
		F5A6C47C19A5EB11001BFCFE /* Photo.h */ = {isa = PBXFileReference; fileEncoding = 4; lastKnownFileType = sourcecode.c.h; path = Photo.h; sourceTree = "<group>"; };
		F5A6C47D19A5EB11001BFCFE /* Photo.m */ = {isa = PBXFileReference; fileEncoding = 4; lastKnownFileType = sourcecode.c.objc; path = Photo.m; sourceTree = "<group>"; };
		F5A6C48119A5EE5F001BFCFE /* PHDataManager.h */ = {isa = PBXFileReference; fileEncoding = 4; lastKnownFileType = sourcecode.c.h; path = PHDataManager.h; sourceTree = "<group>"; };
		F5A6C48219A5EE5F001BFCFE /* PHDataManager.m */ = {isa = PBXFileReference; fileEncoding = 4; lastKnownFileType = sourcecode.c.objc; path = PHDataManager.m; sourceTree = "<group>"; };
		F5A6C48419A5EF97001BFCFE /* CoreData.framework */ = {isa = PBXFileReference; lastKnownFileType = wrapper.framework; name = CoreData.framework; path = System/Library/Frameworks/CoreData.framework; sourceTree = SDKROOT; };
/* End PBXFileReference section */

/* Begin PBXFrameworksBuildPhase section */
		F5A6AAB019A20A5900C9A3F9 /* Frameworks */ = {
			isa = PBXFrameworksBuildPhase;
			buildActionMask = 2147483647;
			files = (
				F5A6C48519A5EF97001BFCFE /* CoreData.framework in Frameworks */,
				F5A6AAB919A20A5900C9A3F9 /* CoreGraphics.framework in Frameworks */,
				F5A6AABB19A20A5900C9A3F9 /* UIKit.framework in Frameworks */,
				F5A6AAB719A20A5900C9A3F9 /* Foundation.framework in Frameworks */,
			);
			runOnlyForDeploymentPostprocessing = 0;
		};
/* End PBXFrameworksBuildPhase section */

/* Begin PBXGroup section */
		F5A6AAAA19A20A5900C9A3F9 = {
			isa = PBXGroup;
			children = (
				F5A6AABC19A20A5900C9A3F9 /* PhotoMap */,
				F5A6AAB519A20A5900C9A3F9 /* Frameworks */,
				F5A6AAB419A20A5900C9A3F9 /* Products */,
			);
			sourceTree = "<group>";
		};
		F5A6AAB419A20A5900C9A3F9 /* Products */ = {
			isa = PBXGroup;
			children = (
				F5A6AAB319A20A5900C9A3F9 /* PhotoMap.app */,
			);
			name = Products;
			sourceTree = "<group>";
		};
		F5A6AAB519A20A5900C9A3F9 /* Frameworks */ = {
			isa = PBXGroup;
			children = (
				F5A6C48419A5EF97001BFCFE /* CoreData.framework */,
				F5A6AAB619A20A5900C9A3F9 /* Foundation.framework */,
				F5A6AAB819A20A5900C9A3F9 /* CoreGraphics.framework */,
				F5A6AABA19A20A5900C9A3F9 /* UIKit.framework */,
				F5A6AAD519A20A5900C9A3F9 /* XCTest.framework */,
			);
			name = Frameworks;
			sourceTree = "<group>";
		};
		F5A6AABC19A20A5900C9A3F9 /* PhotoMap */ = {
			isa = PBXGroup;
			children = (
				F5A6C47519A5E62D001BFCFE /* Classes */,
				F5A6AAC519A20A5900C9A3F9 /* PHAppDelegate.h */,
				F5A6AAC619A20A5900C9A3F9 /* PHAppDelegate.m */,
				F5A6C47419A5E478001BFCFE /* Resources */,
				F5A6AABD19A20A5900C9A3F9 /* Supporting Files */,
				F5A6AACB19A20A5900C9A3F9 /* ViewController.h */,
				F5A6AACC19A20A5900C9A3F9 /* ViewController.m */,
				F5A6C47719A5E6A0001BFCFE /* ViewControllers */,
				F5A6C47619A5E689001BFCFE /* Views */,
			);
			path = PhotoMap;
			sourceTree = "<group>";
		};
		F5A6AABD19A20A5900C9A3F9 /* Supporting Files */ = {
			isa = PBXGroup;
			children = (
				F5A6AACE19A20A5900C9A3F9 /* Images.xcassets */,
				F5A6AABE19A20A5900C9A3F9 /* PhotoMap-Info.plist */,
				F5A6AABF19A20A5900C9A3F9 /* InfoPlist.strings */,
				F5A6AAC219A20A5900C9A3F9 /* main.m */,
				F5A6AAC419A20A5900C9A3F9 /* PhotoMap-Prefix.pch */,
			);
			name = "Supporting Files";
			sourceTree = "<group>";
		};
		F5A6C47419A5E478001BFCFE /* Resources */ = {
			isa = PBXGroup;
			children = (
				F5A6C47819A5E756001BFCFE /* Data */,
			);
			name = Resources;
			sourceTree = "<group>";
		};
		F5A6C47519A5E62D001BFCFE /* Classes */ = {
			isa = PBXGroup;
			children = (
				F5A6C47F19A5EE35001BFCFE /* DataManaget */,
			);
			name = Classes;
			sourceTree = "<group>";
		};
		F5A6C47619A5E689001BFCFE /* Views */ = {
			isa = PBXGroup;
			children = (
			);
			name = Views;
			sourceTree = "<group>";
		};
		F5A6C47719A5E6A0001BFCFE /* ViewControllers */ = {
			isa = PBXGroup;
			children = (
			);
			name = ViewControllers;
			sourceTree = "<group>";
		};
		F5A6C47819A5E756001BFCFE /* Data */ = {
			isa = PBXGroup;
			children = (
				F5A6C47919A5E775001BFCFE /* photomap.xcdatamodeld */,
				F5A6C47C19A5EB11001BFCFE /* Photo.h */,
				F5A6C47D19A5EB11001BFCFE /* Photo.m */,
			);
			name = Data;
			sourceTree = "<group>";
		};
		F5A6C47F19A5EE35001BFCFE /* DataManaget */ = {
			isa = PBXGroup;
			children = (
				F5A6C48019A5EE43001BFCFE /* Classes */,
			);
			name = DataManaget;
			sourceTree = "<group>";
		};
		F5A6C48019A5EE43001BFCFE /* Classes */ = {
			isa = PBXGroup;
			children = (
				F5A6C48119A5EE5F001BFCFE /* PHDataManager.h */,
				F5A6C48219A5EE5F001BFCFE /* PHDataManager.m */,
			);
			name = Classes;
			sourceTree = "<group>";
		};
/* End PBXGroup section */

/* Begin PBXNativeTarget section */
		F5A6AAB219A20A5900C9A3F9 /* PhotoMap */ = {
			isa = PBXNativeTarget;
			buildConfigurationList = F5A6AAE519A20A5900C9A3F9 /* Build configuration list for PBXNativeTarget "PhotoMap" */;
			buildPhases = (
				F5A6AAAF19A20A5900C9A3F9 /* Sources */,
				F5A6AAB019A20A5900C9A3F9 /* Frameworks */,
				F5A6AAB119A20A5900C9A3F9 /* Resources */,
			);
			buildRules = (
			);
			dependencies = (
			);
			name = PhotoMap;
			productName = PhotoMap;
			productReference = F5A6AAB319A20A5900C9A3F9 /* PhotoMap.app */;
			productType = "com.apple.product-type.application";
		};
/* End PBXNativeTarget section */

/* Begin PBXProject section */
		F5A6AAAB19A20A5900C9A3F9 /* Project object */ = {
			isa = PBXProject;
			attributes = {
				LastUpgradeCheck = 0510;
				ORGANIZATIONNAME = Itechart;
			};
			buildConfigurationList = F5A6AAAE19A20A5900C9A3F9 /* Build configuration list for PBXProject "PhotoMap" */;
			compatibilityVersion = "Xcode 3.2";
			developmentRegion = English;
			hasScannedForEncodings = 0;
			knownRegions = (
				en,
				Base,
			);
			mainGroup = F5A6AAAA19A20A5900C9A3F9;
			productRefGroup = F5A6AAB419A20A5900C9A3F9 /* Products */;
			projectDirPath = "";
			projectRoot = "";
			targets = (
				F5A6AAB219A20A5900C9A3F9 /* PhotoMap */,
			);
		};
/* End PBXProject section */

/* Begin PBXResourcesBuildPhase section */
		F5A6AAB119A20A5900C9A3F9 /* Resources */ = {
			isa = PBXResourcesBuildPhase;
			buildActionMask = 2147483647;
			files = (
				F5A6AACF19A20A5900C9A3F9 /* Images.xcassets in Resources */,
				F5A6AAC119A20A5900C9A3F9 /* InfoPlist.strings in Resources */,
			);
			runOnlyForDeploymentPostprocessing = 0;
		};
/* End PBXResourcesBuildPhase section */

/* Begin PBXSourcesBuildPhase section */
		F5A6AAAF19A20A5900C9A3F9 /* Sources */ = {
			isa = PBXSourcesBuildPhase;
			buildActionMask = 2147483647;
			files = (
				F5A6AACD19A20A5900C9A3F9 /* ViewController.m in Sources */,
				F5A6C48319A5EE5F001BFCFE /* PHDataManager.m in Sources */,
				F5A6C47B19A5E775001BFCFE /* photomap.xcdatamodeld in Sources */,
				F5A6AAC719A20A5900C9A3F9 /* PHAppDelegate.m in Sources */,
				F5A6C47E19A5EB11001BFCFE /* Photo.m in Sources */,
				F5A6AAC319A20A5900C9A3F9 /* main.m in Sources */,
			);
			runOnlyForDeploymentPostprocessing = 0;
		};
/* End PBXSourcesBuildPhase section */

/* Begin PBXVariantGroup section */
		F5A6AABF19A20A5900C9A3F9 /* InfoPlist.strings */ = {
			isa = PBXVariantGroup;
			children = (
				F5A6AAC019A20A5900C9A3F9 /* en */,
			);
			name = InfoPlist.strings;
			sourceTree = "<group>";
		};
/* End PBXVariantGroup section */

/* Begin XCBuildConfiguration section */
		F5A6AAE319A20A5900C9A3F9 /* Debug */ = {
			isa = XCBuildConfiguration;
			buildSettings = {
				ALWAYS_SEARCH_USER_PATHS = NO;
				CLANG_CXX_LANGUAGE_STANDARD = "gnu++0x";
				CLANG_CXX_LIBRARY = "libc++";
				CLANG_ENABLE_MODULES = YES;
				CLANG_ENABLE_OBJC_ARC = YES;
				CLANG_WARN_BOOL_CONVERSION = YES;
				CLANG_WARN_CONSTANT_CONVERSION = YES;
				CLANG_WARN_DIRECT_OBJC_ISA_USAGE = YES_ERROR;
				CLANG_WARN_EMPTY_BODY = YES;
				CLANG_WARN_ENUM_CONVERSION = YES;
				CLANG_WARN_INT_CONVERSION = YES;
				CLANG_WARN_OBJC_ROOT_CLASS = YES_ERROR;
				CLANG_WARN__DUPLICATE_METHOD_MATCH = YES;
				"CODE_SIGN_IDENTITY[sdk=iphoneos*]" = "iPhone Developer";
				COPY_PHASE_STRIP = NO;
				GCC_C_LANGUAGE_STANDARD = gnu99;
				GCC_DYNAMIC_NO_PIC = NO;
				GCC_OPTIMIZATION_LEVEL = 0;
				GCC_PREPROCESSOR_DEFINITIONS = (
					"DEBUG=1",
					"$(inherited)",
				);
				GCC_SYMBOLS_PRIVATE_EXTERN = NO;
				GCC_WARN_64_TO_32_BIT_CONVERSION = YES;
				GCC_WARN_ABOUT_RETURN_TYPE = YES_ERROR;
				GCC_WARN_UNDECLARED_SELECTOR = YES;
				GCC_WARN_UNINITIALIZED_AUTOS = YES_AGGRESSIVE;
				GCC_WARN_UNUSED_FUNCTION = YES;
				GCC_WARN_UNUSED_VARIABLE = YES;
				IPHONEOS_DEPLOYMENT_TARGET = 7.1;
				ONLY_ACTIVE_ARCH = YES;
				SDKROOT = iphoneos;
			};
			name = Debug;
		};
		F5A6AAE419A20A5900C9A3F9 /* Release */ = {
			isa = XCBuildConfiguration;
			buildSettings = {
				ALWAYS_SEARCH_USER_PATHS = NO;
				CLANG_CXX_LANGUAGE_STANDARD = "gnu++0x";
				CLANG_CXX_LIBRARY = "libc++";
				CLANG_ENABLE_MODULES = YES;
				CLANG_ENABLE_OBJC_ARC = YES;
				CLANG_WARN_BOOL_CONVERSION = YES;
				CLANG_WARN_CONSTANT_CONVERSION = YES;
				CLANG_WARN_DIRECT_OBJC_ISA_USAGE = YES_ERROR;
				CLANG_WARN_EMPTY_BODY = YES;
				CLANG_WARN_ENUM_CONVERSION = YES;
				CLANG_WARN_INT_CONVERSION = YES;
				CLANG_WARN_OBJC_ROOT_CLASS = YES_ERROR;
				CLANG_WARN__DUPLICATE_METHOD_MATCH = YES;
				"CODE_SIGN_IDENTITY[sdk=iphoneos*]" = "iPhone Developer";
				COPY_PHASE_STRIP = YES;
				ENABLE_NS_ASSERTIONS = NO;
				GCC_C_LANGUAGE_STANDARD = gnu99;
				GCC_WARN_64_TO_32_BIT_CONVERSION = YES;
				GCC_WARN_ABOUT_RETURN_TYPE = YES_ERROR;
				GCC_WARN_UNDECLARED_SELECTOR = YES;
				GCC_WARN_UNINITIALIZED_AUTOS = YES_AGGRESSIVE;
				GCC_WARN_UNUSED_FUNCTION = YES;
				GCC_WARN_UNUSED_VARIABLE = YES;
				IPHONEOS_DEPLOYMENT_TARGET = 7.1;
				SDKROOT = iphoneos;
				VALIDATE_PRODUCT = YES;
			};
			name = Release;
		};
		F5A6AAE619A20A5900C9A3F9 /* Debug */ = {
			isa = XCBuildConfiguration;
			buildSettings = {
				ASSETCATALOG_COMPILER_APPICON_NAME = AppIcon;
				ASSETCATALOG_COMPILER_LAUNCHIMAGE_NAME = LaunchImage;
				GCC_PRECOMPILE_PREFIX_HEADER = YES;
				GCC_PREFIX_HEADER = "PhotoMap/PhotoMap-Prefix.pch";
				INFOPLIST_FILE = "PhotoMap/PhotoMap-Info.plist";
				PRODUCT_NAME = "$(TARGET_NAME)";
				WRAPPER_EXTENSION = app;
			};
			name = Debug;
		};
		F5A6AAE719A20A5900C9A3F9 /* Release */ = {
			isa = XCBuildConfiguration;
			buildSettings = {
				ASSETCATALOG_COMPILER_APPICON_NAME = AppIcon;
				ASSETCATALOG_COMPILER_LAUNCHIMAGE_NAME = LaunchImage;
				GCC_PRECOMPILE_PREFIX_HEADER = YES;
				GCC_PREFIX_HEADER = "PhotoMap/PhotoMap-Prefix.pch";
				INFOPLIST_FILE = "PhotoMap/PhotoMap-Info.plist";
				PRODUCT_NAME = "$(TARGET_NAME)";
				WRAPPER_EXTENSION = app;
			};
			name = Release;
		};
/* End XCBuildConfiguration section */

/* Begin XCConfigurationList section */
		F5A6AAAE19A20A5900C9A3F9 /* Build configuration list for PBXProject "PhotoMap" */ = {
			isa = XCConfigurationList;
			buildConfigurations = (
				F5A6AAE319A20A5900C9A3F9 /* Debug */,
				F5A6AAE419A20A5900C9A3F9 /* Release */,
			);
			defaultConfigurationIsVisible = 0;
			defaultConfigurationName = Release;
		};
		F5A6AAE519A20A5900C9A3F9 /* Build configuration list for PBXNativeTarget "PhotoMap" */ = {
			isa = XCConfigurationList;
			buildConfigurations = (
				F5A6AAE619A20A5900C9A3F9 /* Debug */,
				F5A6AAE719A20A5900C9A3F9 /* Release */,
			);
			defaultConfigurationIsVisible = 0;
			defaultConfigurationName = Release;
		};
/* End XCConfigurationList section */

/* Begin XCVersionGroup section */
		F5A6C47919A5E775001BFCFE /* photomap.xcdatamodeld */ = {
			isa = XCVersionGroup;
			children = (
				F5A6C47A19A5E775001BFCFE /* photomap.xcdatamodel */,
			);
			currentVersion = F5A6C47A19A5E775001BFCFE /* photomap.xcdatamodel */;
			path = photomap.xcdatamodeld;
			sourceTree = "<group>";
			versionGroupType = wrapper.xcdatamodel;
		};
/* End XCVersionGroup section */
	};
	rootObject = F5A6AAAB19A20A5900C9A3F9 /* Project object */;
}
